// !$*UTF8*$!
{
	archiveVersion = 1;
	classes = {
	};
	objectVersion = 55;
	objects = {

/* Begin PBXBuildFile section */
		DF75D2F4273B46ED00BDF746 /* addview.swift in Sources */ = {isa = PBXBuildFile; fileRef = DF75D2F3273B46ED00BDF746 /* addview.swift */; };
		DF75D2F7273CB3D600BDF746 /* itemmodel.swift in Sources */ = {isa = PBXBuildFile; fileRef = DF75D2F6273CB3D600BDF746 /* itemmodel.swift */; };
		DFF7519127373FB000F1C77A /* todolistApp.swift in Sources */ = {isa = PBXBuildFile; fileRef = DFF7518127373FAF00F1C77A /* todolistApp.swift */; };
		DFF7519227373FB000F1C77A /* todolistApp.swift in Sources */ = {isa = PBXBuildFile; fileRef = DFF7518127373FAF00F1C77A /* todolistApp.swift */; };
		DFF7519527373FB000F1C77A /* Assets.xcassets in Resources */ = {isa = PBXBuildFile; fileRef = DFF7518327373FB000F1C77A /* Assets.xcassets */; };
		DFF7519627373FB000F1C77A /* Assets.xcassets in Resources */ = {isa = PBXBuildFile; fileRef = DFF7518327373FB000F1C77A /* Assets.xcassets */; };
		DFF751A12737401000F1C77A /* listview.swift in Sources */ = {isa = PBXBuildFile; fileRef = DFF751A02737401000F1C77A /* listview.swift */; };
		DFF751C7273891F700F1C77A /* listrowview.swift in Sources */ = {isa = PBXBuildFile; fileRef = DFF751C6273891F700F1C77A /* listrowview.swift */; };
/* End PBXBuildFile section */

/* Begin PBXFileReference section */
		DF75D2F3273B46ED00BDF746 /* addview.swift */ = {isa = PBXFileReference; lastKnownFileType = sourcecode.swift; path = addview.swift; sourceTree = "<group>"; };
		DF75D2F6273CB3D600BDF746 /* itemmodel.swift */ = {isa = PBXFileReference; lastKnownFileType = sourcecode.swift; path = itemmodel.swift; sourceTree = "<group>"; };
		DFF7518127373FAF00F1C77A /* todolistApp.swift */ = {isa = PBXFileReference; lastKnownFileType = sourcecode.swift; path = todolistApp.swift; sourceTree = "<group>"; };
		DFF7518327373FB000F1C77A /* Assets.xcassets */ = {isa = PBXFileReference; lastKnownFileType = folder.assetcatalog; path = Assets.xcassets; sourceTree = "<group>"; };
		DFF7518827373FB000F1C77A /* todolist.app */ = {isa = PBXFileReference; explicitFileType = wrapper.application; includeInIndex = 0; path = todolist.app; sourceTree = BUILT_PRODUCTS_DIR; };
		DFF7518E27373FB000F1C77A /* todolist.app */ = {isa = PBXFileReference; explicitFileType = wrapper.application; includeInIndex = 0; path = todolist.app; sourceTree = BUILT_PRODUCTS_DIR; };
		DFF7519027373FB000F1C77A /* macOS.entitlements */ = {isa = PBXFileReference; lastKnownFileType = text.plist.entitlements; path = macOS.entitlements; sourceTree = "<group>"; };
		DFF751A02737401000F1C77A /* listview.swift */ = {isa = PBXFileReference; lastKnownFileType = sourcecode.swift; path = listview.swift; sourceTree = "<group>"; };
		DFF751C6273891F700F1C77A /* listrowview.swift */ = {isa = PBXFileReference; lastKnownFileType = sourcecode.swift; path = listrowview.swift; sourceTree = "<group>"; };
/* End PBXFileReference section */

/* Begin PBXFrameworksBuildPhase section */
		DFF7518527373FB000F1C77A /* Frameworks */ = {
			isa = PBXFrameworksBuildPhase;
			buildActionMask = 2147483647;
			files = (
			);
			runOnlyForDeploymentPostprocessing = 0;
		};
		DFF7518B27373FB000F1C77A /* Frameworks */ = {
			isa = PBXFrameworksBuildPhase;
			buildActionMask = 2147483647;
			files = (
			);
			runOnlyForDeploymentPostprocessing = 0;
		};
/* End PBXFrameworksBuildPhase section */

/* Begin PBXGroup section */
		DF75D2F5273CB39800BDF746 /* model */ = {
			isa = PBXGroup;
			children = (
				DF75D2F6273CB3D600BDF746 /* itemmodel.swift */,
			);
			path = model;
			sourceTree = "<group>";
		};
		DFF7517B27373FAF00F1C77A = {
			isa = PBXGroup;
			children = (
				DF75D2F5273CB39800BDF746 /* model */,
				DFF7518127373FAF00F1C77A /* todolistApp.swift */,
				DFF7518327373FB000F1C77A /* Assets.xcassets */,
				DFF7519F27373FE700F1C77A /* views */,
				DFF7518F27373FB000F1C77A /* macOS */,
				DFF7518927373FB000F1C77A /* Products */,
			);
			sourceTree = "<group>";
		};
		DFF7518927373FB000F1C77A /* Products */ = {
			isa = PBXGroup;
			children = (
				DFF7518827373FB000F1C77A /* todolist.app */,
				DFF7518E27373FB000F1C77A /* todolist.app */,
			);
			name = Products;
			sourceTree = "<group>";
		};
		DFF7518F27373FB000F1C77A /* macOS */ = {
			isa = PBXGroup;
			children = (
				DFF7519027373FB000F1C77A /* macOS.entitlements */,
			);
			path = macOS;
			sourceTree = "<group>";
		};
		DFF7519F27373FE700F1C77A /* views */ = {
			isa = PBXGroup;
			children = (
				DFF751A02737401000F1C77A /* listview.swift */,
				DFF751C6273891F700F1C77A /* listrowview.swift */,
				DF75D2F3273B46ED00BDF746 /* addview.swift */,
			);
			path = views;
			sourceTree = "<group>";
		};
/* End PBXGroup section */

/* Begin PBXNativeTarget section */
		DFF7518727373FB000F1C77A /* todolist (iOS) */ = {
			isa = PBXNativeTarget;
			buildConfigurationList = DFF7519927373FB000F1C77A /* Build configuration list for PBXNativeTarget "todolist (iOS)" */;
			buildPhases = (
				DFF7518427373FB000F1C77A /* Sources */,
				DFF7518527373FB000F1C77A /* Frameworks */,
				DFF7518627373FB000F1C77A /* Resources */,
			);
			buildRules = (
			);
			dependencies = (
			);
			name = "todolist (iOS)";
			productName = "todolist (iOS)";
			productReference = DFF7518827373FB000F1C77A /* todolist.app */;
			productType = "com.apple.product-type.application";
		};
		DFF7518D27373FB000F1C77A /* todolist (macOS) */ = {
			isa = PBXNativeTarget;
			buildConfigurationList = DFF7519C27373FB000F1C77A /* Build configuration list for PBXNativeTarget "todolist (macOS)" */;
			buildPhases = (
				DFF7518A27373FB000F1C77A /* Sources */,
				DFF7518B27373FB000F1C77A /* Frameworks */,
				DFF7518C27373FB000F1C77A /* Resources */,
			);
			buildRules = (
			);
			dependencies = (
			);
			name = "todolist (macOS)";
			productName = "todolist (macOS)";
			productReference = DFF7518E27373FB000F1C77A /* todolist.app */;
			productType = "com.apple.product-type.application";
		};
/* End PBXNativeTarget section */

/* Begin PBXProject section */
		DFF7517C27373FAF00F1C77A /* Project object */ = {
			isa = PBXProject;
			attributes = {
				BuildIndependentTargetsInParallel = 1;
				LastSwiftUpdateCheck = 1310;
				LastUpgradeCheck = 1310;
				TargetAttributes = {
					DFF7518727373FB000F1C77A = {
						CreatedOnToolsVersion = 13.1;
					};
					DFF7518D27373FB000F1C77A = {
						CreatedOnToolsVersion = 13.1;
					};
				};
			};
			buildConfigurationList = DFF7517F27373FAF00F1C77A /* Build configuration list for PBXProject "todolist" */;
			compatibilityVersion = "Xcode 13.0";
			developmentRegion = en;
			hasScannedForEncodings = 0;
			knownRegions = (
				en,
				Base,
			);
			mainGroup = DFF7517B27373FAF00F1C77A;
			productRefGroup = DFF7518927373FB000F1C77A /* Products */;
			projectDirPath = "";
			projectRoot = "";
			targets = (
				DFF7518727373FB000F1C77A /* todolist (iOS) */,
				DFF7518D27373FB000F1C77A /* todolist (macOS) */,
			);
		};
/* End PBXProject section */

/* Begin PBXResourcesBuildPhase section */
		DFF7518627373FB000F1C77A /* Resources */ = {
			isa = PBXResourcesBuildPhase;
			buildActionMask = 2147483647;
			files = (
				DFF7519527373FB000F1C77A /* Assets.xcassets in Resources */,
			);
			runOnlyForDeploymentPostprocessing = 0;
		};
		DFF7518C27373FB000F1C77A /* Resources */ = {
			isa = PBXResourcesBuildPhase;
			buildActionMask = 2147483647;
			files = (
				DFF7519627373FB000F1C77A /* Assets.xcassets in Resources */,
			);
			runOnlyForDeploymentPostprocessing = 0;
		};
/* End PBXResourcesBuildPhase section */

/* Begin PBXSourcesBuildPhase section */
		DFF7518427373FB000F1C77A /* Sources */ = {
			isa = PBXSourcesBuildPhase;
			buildActionMask = 2147483647;
			files = (
				DF75D2F4273B46ED00BDF746 /* addview.swift in Sources */,
				DFF751A12737401000F1C77A /* listview.swift in Sources */,
				DFF7519127373FB000F1C77A /* todolistApp.swift in Sources */,
				DF75D2F7273CB3D600BDF746 /* itemmodel.swift in Sources */,
				DFF751C7273891F700F1C77A /* listrowview.swift in Sources */,
			);
			runOnlyForDeploymentPostprocessing = 0;
		};
		DFF7518A27373FB000F1C77A /* Sources */ = {
			isa = PBXSourcesBuildPhase;
			buildActionMask = 2147483647;
			files = (
				DFF7519227373FB000F1C77A /* todolistApp.swift in Sources */,
			);
			runOnlyForDeploymentPostprocessing = 0;
		};
/* End PBXSourcesBuildPhase section */

/* Begin XCBuildConfiguration section */
		DFF7519727373FB000F1C77A /* Debug */ = {
			isa = XCBuildConfiguration;
			buildSettings = {
				ALWAYS_SEARCH_USER_PATHS = NO;
				CLANG_ANALYZER_NONNULL = YES;
				CLANG_ANALYZER_NUMBER_OBJECT_CONVERSION = YES_AGGRESSIVE;
				CLANG_CXX_LANGUAGE_STANDARD = "gnu++17";
				CLANG_CXX_LIBRARY = "libc++";
				CLANG_ENABLE_MODULES = YES;
				CLANG_ENABLE_OBJC_ARC = YES;
				CLANG_ENABLE_OBJC_WEAK = YES;
				CLANG_WARN_BLOCK_CAPTURE_AUTORELEASING = YES;
				CLANG_WARN_BOOL_CONVERSION = YES;
				CLANG_WARN_COMMA = YES;
				CLANG_WARN_CONSTANT_CONVERSION = YES;
				CLANG_WARN_DEPRECATED_OBJC_IMPLEMENTATIONS = YES;
				CLANG_WARN_DIRECT_OBJC_ISA_USAGE = YES_ERROR;
				CLANG_WARN_DOCUMENTATION_COMMENTS = YES;
				CLANG_WARN_EMPTY_BODY = YES;
				CLANG_WARN_ENUM_CONVERSION = YES;
				CLANG_WARN_INFINITE_RECURSION = YES;
				CLANG_WARN_INT_CONVERSION = YES;
				CLANG_WARN_NON_LITERAL_NULL_CONVERSION = YES;
				CLANG_WARN_OBJC_IMPLICIT_RETAIN_SELF = YES;
				CLANG_WARN_OBJC_LITERAL_CONVERSION = YES;
				CLANG_WARN_OBJC_ROOT_CLASS = YES_ERROR;
				CLANG_WARN_QUOTED_INCLUDE_IN_FRAMEWORK_HEADER = YES;
				CLANG_WARN_RANGE_LOOP_ANALYSIS = YES;
				CLANG_WARN_STRICT_PROTOTYPES = YES;
				CLANG_WARN_SUSPICIOUS_MOVE = YES;
				CLANG_WARN_UNGUARDED_AVAILABILITY = YES_AGGRESSIVE;
				CLANG_WARN_UNREACHABLE_CODE = YES;
				CLANG_WARN__DUPLICATE_METHOD_MATCH = YES;
				COPY_PHASE_STRIP = NO;
				DEBUG_INFORMATION_FORMAT = dwarf;
				ENABLE_STRICT_OBJC_MSGSEND = YES;
				ENABLE_TESTABILITY = YES;
				GCC_C_LANGUAGE_STANDARD = gnu11;
				GCC_DYNAMIC_NO_PIC = NO;
				GCC_NO_COMMON_BLOCKS = YES;
				GCC_OPTIMIZATION_LEVEL = 0;
				GCC_PREPROCESSOR_DEFINITIONS = (
					"DEBUG=1",
					"$(inherited)",
				);
				GCC_WARN_64_TO_32_BIT_CONVERSION = YES;
				GCC_WARN_ABOUT_RETURN_TYPE = YES_ERROR;
				GCC_WARN_UNDECLARED_SELECTOR = YES;
				GCC_WARN_UNINITIALIZED_AUTOS = YES_AGGRESSIVE;
				GCC_WARN_UNUSED_FUNCTION = YES;
				GCC_WARN_UNUSED_VARIABLE = YES;
				MTL_ENABLE_DEBUG_INFO = INCLUDE_SOURCE;
				MTL_FAST_MATH = YES;
				ONLY_ACTIVE_ARCH = YES;
				SWIFT_ACTIVE_COMPILATION_CONDITIONS = DEBUG;
				SWIFT_OPTIMIZATION_LEVEL = "-Onone";
			};
			name = Debug;
		};
		DFF7519827373FB000F1C77A /* Release */ = {
			isa = XCBuildConfiguration;
			buildSettings = {
				ALWAYS_SEARCH_USER_PATHS = NO;
				CLANG_ANALYZER_NONNULL = YES;
				CLANG_ANALYZER_NUMBER_OBJECT_CONVERSION = YES_AGGRESSIVE;
				CLANG_CXX_LANGUAGE_STANDARD = "gnu++17";
				CLANG_CXX_LIBRARY = "libc++";
				CLANG_ENABLE_MODULES = YES;
				CLANG_ENABLE_OBJC_ARC = YES;
				CLANG_ENABLE_OBJC_WEAK = YES;
				CLANG_WARN_BLOCK_CAPTURE_AUTORELEASING = YES;
				CLANG_WARN_BOOL_CONVERSION = YES;
				CLANG_WARN_COMMA = YES;
				CLANG_WARN_CONSTANT_CONVERSION = YES;
				CLANG_WARN_DEPRECATED_OBJC_IMPLEMENTATIONS = YES;
				CLANG_WARN_DIRECT_OBJC_ISA_USAGE = YES_ERROR;
				CLANG_WARN_DOCUMENTATION_COMMENTS = YES;
				CLANG_WARN_EMPTY_BODY = YES;
				CLANG_WARN_ENUM_CONVERSION = YES;
				CLANG_WARN_INFINITE_RECURSION = YES;
				CLANG_WARN_INT_CONVERSION = YES;
				CLANG_WARN_NON_LITERAL_NULL_CONVERSION = YES;
				CLANG_WARN_OBJC_IMPLICIT_RETAIN_SELF = YES;
				CLANG_WARN_OBJC_LITERAL_CONVERSION = YES;
				CLANG_WARN_OBJC_ROOT_CLASS = YES_ERROR;
				CLANG_WARN_QUOTED_INCLUDE_IN_FRAMEWORK_HEADER = YES;
				CLANG_WARN_RANGE_LOOP_ANALYSIS = YES;
				CLANG_WARN_STRICT_PROTOTYPES = YES;
				CLANG_WARN_SUSPICIOUS_MOVE = YES;
				CLANG_WARN_UNGUARDED_AVAILABILITY = YES_AGGRESSIVE;
				CLANG_WARN_UNREACHABLE_CODE = YES;
				CLANG_WARN__DUPLICATE_METHOD_MATCH = YES;
				COPY_PHASE_STRIP = NO;
				DEBUG_INFORMATION_FORMAT = "dwarf-with-dsym";
				ENABLE_NS_ASSERTIONS = NO;
				ENABLE_STRICT_OBJC_MSGSEND = YES;
				GCC_C_LANGUAGE_STANDARD = gnu11;
				GCC_NO_COMMON_BLOCKS = YES;
				GCC_WARN_64_TO_32_BIT_CONVERSION = YES;
				GCC_WARN_ABOUT_RETURN_TYPE = YES_ERROR;
				GCC_WARN_UNDECLARED_SELECTOR = YES;
				GCC_WARN_UNINITIALIZED_AUTOS = YES_AGGRESSIVE;
				GCC_WARN_UNUSED_FUNCTION = YES;
				GCC_WARN_UNUSED_VARIABLE = YES;
				MTL_ENABLE_DEBUG_INFO = NO;
				MTL_FAST_MATH = YES;
				SWIFT_COMPILATION_MODE = wholemodule;
				SWIFT_OPTIMIZATION_LEVEL = "-O";
			};
			name = Release;
		};
		DFF7519A27373FB000F1C77A /* Debug */ = {
			isa = XCBuildConfiguration;
			buildSettings = {
				ASSETCATALOG_COMPILER_APPICON_NAME = AppIcon;
				ASSETCATALOG_COMPILER_GLOBAL_ACCENT_COLOR_NAME = AccentColor;
				CODE_SIGN_STYLE = Automatic;
				CURRENT_PROJECT_VERSION = 1;
				DEVELOPMENT_TEAM = RKF5B8L72N;
				ENABLE_PREVIEWS = YES;
				GENERATE_INFOPLIST_FILE = YES;
				INFOPLIST_KEY_UIApplicationSceneManifest_Generation = YES;
				INFOPLIST_KEY_UIApplicationSupportsIndirectInputEvents = YES;
				INFOPLIST_KEY_UILaunchScreen_Generation = YES;
				INFOPLIST_KEY_UISupportedInterfaceOrientations_iPad = "UIInterfaceOrientationPortrait UIInterfaceOrientationPortraitUpsideDown UIInterfaceOrientationLandscapeLeft UIInterfaceOrientationLandscapeRight";
				INFOPLIST_KEY_UISupportedInterfaceOrientations_iPhone = "UIInterfaceOrientationPortrait UIInterfaceOrientationLandscapeLeft UIInterfaceOrientationLandscapeRight";
				IPHONEOS_DEPLOYMENT_TARGET = 15.0;
				LD_RUNPATH_SEARCH_PATHS = (
					"$(inherited)",
					"@executable_path/Frameworks",
				);
				MARKETING_VERSION = 1.0;
				PRODUCT_BUNDLE_IDENTIFIER = com.bob.todolist;
				PRODUCT_NAME = todolist;
				SDKROOT = iphoneos;
				SWIFT_EMIT_LOC_STRINGS = YES;
				SWIFT_VERSION = 5.0;
				TARGETED_DEVICE_FAMILY = "1,2";
			};
			name = Debug;
		};
		DFF7519B27373FB000F1C77A /* Release */ = {
			isa = XCBuildConfiguration;
			buildSettings = {
				ASSETCATALOG_COMPILER_APPICON_NAME = AppIcon;
				ASSETCATALOG_COMPILER_GLOBAL_ACCENT_COLOR_NAME = AccentColor;
				CODE_SIGN_STYLE = Automatic;
				CURRENT_PROJECT_VERSION = 1;
				DEVELOPMENT_TEAM = RKF5B8L72N;
				ENABLE_PREVIEWS = YES;
				GENERATE_INFOPLIST_FILE = YES;
				INFOPLIST_KEY_UIApplicationSceneManifest_Generation = YES;
				INFOPLIST_KEY_UIApplicationSupportsIndirectInputEvents = YES;
				INFOPLIST_KEY_UILaunchScreen_Generation = YES;
				INFOPLIST_KEY_UISupportedInterfaceOrientations_iPad = "UIInterfaceOrientationPortrait UIInterfaceOrientationPortraitUpsideDown UIInterfaceOrientationLandscapeLeft UIInterfaceOrientationLandscapeRight";
				INFOPLIST_KEY_UISupportedInterfaceOrientations_iPhone = "UIInterfaceOrientationPortrait UIInterfaceOrientationLandscapeLeft UIInterfaceOrientationLandscapeRight";
				IPHONEOS_DEPLOYMENT_TARGET = 15.0;
				LD_RUNPATH_SEARCH_PATHS = (
					"$(inherited)",
					"@executable_path/Frameworks",
				);
				MARKETING_VERSION = 1.0;
				PRODUCT_BUNDLE_IDENTIFIER = com.bob.todolist;
				PRODUCT_NAME = todolist;
				SDKROOT = iphoneos;
				SWIFT_EMIT_LOC_STRINGS = YES;
				SWIFT_VERSION = 5.0;
				TARGETED_DEVICE_FAMILY = "1,2";
				VALIDATE_PRODUCT = YES;
			};
			name = Release;
		};
		DFF7519D27373FB000F1C77A /* Debug */ = {
			isa = XCBuildConfiguration;
			buildSettings = {
				ASSETCATALOG_COMPILER_APPICON_NAME = AppIcon;
				ASSETCATALOG_COMPILER_GLOBAL_ACCENT_COLOR_NAME = AccentColor;
				CODE_SIGN_ENTITLEMENTS = macOS/macOS.entitlements;
				CODE_SIGN_STYLE = Automatic;
				COMBINE_HIDPI_IMAGES = YES;
				CURRENT_PROJECT_VERSION = 1;
				DEVELOPMENT_TEAM = RKF5B8L72N;
				ENABLE_HARDENED_RUNTIME = YES;
				ENABLE_PREVIEWS = YES;
				GENERATE_INFOPLIST_FILE = YES;
				INFOPLIST_KEY_NSHumanReadableCopyright = "";
				LD_RUNPATH_SEARCH_PATHS = (
					"$(inherited)",
					"@executable_path/../Frameworks",
				);
				MACOSX_DEPLOYMENT_TARGET = 12.0;
				MARKETING_VERSION = 1.0;
				PRODUCT_BUNDLE_IDENTIFIER = com.bob.todolist;
				PRODUCT_NAME = todolist;
				SDKROOT = macosx;
				SWIFT_EMIT_LOC_STRINGS = YES;
				SWIFT_VERSION = 5.0;
			};
			name = Debug;
		};
		DFF7519E27373FB000F1C77A /* Release */ = {
			isa = XCBuildConfiguration;
			buildSettings = {
				ASSETCATALOG_COMPILER_APPICON_NAME = AppIcon;
				ASSETCATALOG_COMPILER_GLOBAL_ACCENT_COLOR_NAME = AccentColor;
				CODE_SIGN_ENTITLEMENTS = macOS/macOS.entitlements;
				CODE_SIGN_STYLE = Automatic;
				COMBINE_HIDPI_IMAGES = YES;
				CURRENT_PROJECT_VERSION = 1;
				DEVELOPMENT_TEAM = RKF5B8L72N;
				ENABLE_HARDENED_RUNTIME = YES;
				ENABLE_PREVIEWS = YES;
				GENERATE_INFOPLIST_FILE = YES;
				INFOPLIST_KEY_NSHumanReadableCopyright = "";
				LD_RUNPATH_SEARCH_PATHS = (
					"$(inherited)",
					"@executable_path/../Frameworks",
				);
				MACOSX_DEPLOYMENT_TARGET = 12.0;
				MARKETING_VERSION = 1.0;
				PRODUCT_BUNDLE_IDENTIFIER = com.bob.todolist;
				PRODUCT_NAME = todolist;
				SDKROOT = macosx;
				SWIFT_EMIT_LOC_STRINGS = YES;
				SWIFT_VERSION = 5.0;
			};
			name = Release;
		};
/* End XCBuildConfiguration section */

/* Begin XCConfigurationList section */
		DFF7517F27373FAF00F1C77A /* Build configuration list for PBXProject "todolist" */ = {
			isa = XCConfigurationList;
			buildConfigurations = (
				DFF7519727373FB000F1C77A /* Debug */,
				DFF7519827373FB000F1C77A /* Release */,
			);
			defaultConfigurationIsVisible = 0;
			defaultConfigurationName = Release;
		};
		DFF7519927373FB000F1C77A /* Build configuration list for PBXNativeTarget "todolist (iOS)" */ = {
			isa = XCConfigurationList;
			buildConfigurations = (
				DFF7519A27373FB000F1C77A /* Debug */,
				DFF7519B27373FB000F1C77A /* Release */,
			);
			defaultConfigurationIsVisible = 0;
			defaultConfigurationName = Release;
		};
		DFF7519C27373FB000F1C77A /* Build configuration list for PBXNativeTarget "todolist (macOS)" */ = {
			isa = XCConfigurationList;
			buildConfigurations = (
				DFF7519D27373FB000F1C77A /* Debug */,
				DFF7519E27373FB000F1C77A /* Release */,
			);
			defaultConfigurationIsVisible = 0;
			defaultConfigurationName = Release;
		};
/* End XCConfigurationList section */
	};
	rootObject = DFF7517C27373FAF00F1C77A /* Project object */;
}
